
Microsoft Visual Studio Solution File, Format Version 12.00
# Visual Studio 15
VisualStudioVersion = 15.0.28307.421
MinimumVisualStudioVersion = 10.0.40219.1
Project("{FAE04EC0-301F-11D3-BF4B-00C04F79EFBC}") = "Rozrost ziaren CA", "Rozrost ziaren CA\Rozrost ziaren CA.csproj", "{B7952852-B148-4B9D-BA68-55D38B42CAA5}"
EndProject
Global
	GlobalSection(SolutionConfigurationPlatforms) = preSolution
		Debug|Any CPU = Debug|Any CPU
		Release|Any CPU = Release|Any CPU
	EndGlobalSection
	GlobalSection(ProjectConfigurationPlatforms) = postSolution
		{B7952852-B148-4B9D-BA68-55D38B42CAA5}.Debug|Any CPU.ActiveCfg = Debug|Any CPU
		{B7952852-B148-4B9D-BA68-55D38B42CAA5}.Debug|Any CPU.Build.0 = Debug|Any CPU
		{B7952852-B148-4B9D-BA68-55D38B42CAA5}.Release|Any CPU.ActiveCfg = Release|Any CPU
		{B7952852-B148-4B9D-BA68-55D38B42CAA5}.Release|Any CPU.Build.0 = Release|Any CPU
	EndGlobalSection
	GlobalSection(SolutionProperties) = preSolution
		HideSolutionNode = FALSE
	EndGlobalSection
	GlobalSection(ExtensibilityGlobals) = postSolution
		SolutionGuid = {6A5BDA5F-B4A4-4037-AA5D-14B88FC877E0}
	EndGlobalSection
EndGlobal
